
Microsoft Visual Studio Solution File, Format Version 12.00
# Visual Studio 15
VisualStudioVersion = 15.0.27703.2000
MinimumVisualStudioVersion = 10.0.40219.1
Project("{8BC9CEB8-8B4A-11D0-8D11-00A0C91BC942}") = "charEndian", "charEndian.vcxproj", "{BD317868-9459-4E8B-9B4B-8E6EB0920FEC}"
EndProject
Global
	GlobalSection(SolutionConfigurationPlatforms) = preSolution
		Debug|x64 = Debug|x64
		Debug|x86 = Debug|x86
		Release|x64 = Release|x64
		Release|x86 = Release|x86
	EndGlobalSection
	GlobalSection(ProjectConfigurationPlatforms) = postSolution
		{BD317868-9459-4E8B-9B4B-8E6EB0920FEC}.Debug|x64.ActiveCfg = Debug|x64
		{BD317868-9459-4E8B-9B4B-8E6EB0920FEC}.Debug|x64.Build.0 = Debug|x64
		{BD317868-9459-4E8B-9B4B-8E6EB0920FEC}.Debug|x86.ActiveCfg = Debug|Win32
		{BD317868-9459-4E8B-9B4B-8E6EB0920FEC}.Debug|x86.Build.0 = Debug|Win32
		{BD317868-9459-4E8B-9B4B-8E6EB0920FEC}.Release|x64.ActiveCfg = Release|x64
		{BD317868-9459-4E8B-9B4B-8E6EB0920FEC}.Release|x64.Build.0 = Release|x64
		{BD317868-9459-4E8B-9B4B-8E6EB0920FEC}.Release|x86.ActiveCfg = Release|Win32
		{BD317868-9459-4E8B-9B4B-8E6EB0920FEC}.Release|x86.Build.0 = Release|Win32
	EndGlobalSection
	GlobalSection(SolutionProperties) = preSolution
		HideSolutionNode = FALSE
	EndGlobalSection
	GlobalSection(ExtensibilityGlobals) = postSolution
		SolutionGuid = {D6515319-39C0-4C38-8147-9260E958DC31}
	EndGlobalSection
EndGlobal
